lockfileVersion: 5.3

specifiers:
  '@nekooftheabyss/lala': 2.0.1
  eris: ^0.16.1
  node-fetch: ~2.6.7
  require-all: ^3.0.0

dependencies:
  '@nekooftheabyss/lala': 2.0.1
  eris: 0.16.1
  node-fetch: 2.6.7
  require-all: 3.0.0

packages:

  /@nekooftheabyss/lala/2.0.1:
    resolution: {integrity: sha512-3SXujU5xWG75yDr9hpUuC0MOaq7oSpHlInMcAAcpkZhlpJLdgWmEZnD/lELkCu4Jw/tVzUsb5Sd+NIpjAuF2XQ==}
    dev: false

  /eris/0.16.1:
    resolution: {integrity: sha512-fqjgaddSvUlUjA7s85OvZimLrgCwX58Z6FXOIxdNFJdT6XReJ/LOWZKdew2CaalM8BvN2JKzn98HmKYb3zMhKg==}
    engines: {node: '>=10.4.0'}
    dependencies:
      ws: 8.5.0
    optionalDependencies:
      opusscript: 0.0.8
      tweetnacl: 1.0.3
    transitivePeerDependencies:
      - bufferutil
      - utf-8-validate
    dev: false

  /node-fetch/2.6.7:
    resolution: {integrity: sha512-ZjMPFEfVx5j+y2yF35Kzx5sF7kDzxuDj6ziH4FFbOp87zKDZNx8yExJIb05OGF4Nlt9IHFIMBkRl41VdvcNdbQ==}
    engines: {node: 4.x || >=6.0.0}
    peerDependencies:
      encoding: ^0.1.0
    peerDependenciesMeta:
      encoding:
        optional: true
    dependencies:
      whatwg-url: 5.0.0
    dev: false

  /opusscript/0.0.8:
    resolution: {integrity: sha512-VSTi1aWFuCkRCVq+tx/BQ5q9fMnQ9pVZ3JU4UHKqTkf0ED3fKEPdr+gKAAl3IA2hj9rrP6iyq3hlcJq3HELtNQ==}
    requiresBuild: true
    dev: false
    optional: true

  /require-all/3.0.0:
    resolution: {integrity: sha1-Rz1JcEvjEBFc4ST3c4Ox69hnExI=}
    engines: {node: '>= 0.8'}
    dev: false

  /tr46/0.0.3:
    resolution: {integrity: sha1-gYT9NH2snNwYWZLzpmIuFLnZq2o=}
    dev: false

  /tweetnacl/1.0.3:
    resolution: {integrity: sha512-6rt+RN7aOi1nGMyC4Xa5DdYiukl2UWCbcJft7YhxReBGQD7OAM8Pbxw6YMo4r2diNEA8FEmu32YOn9rhaiE5yw==}
    requiresBuild: true
    dev: false
    optional: true

  /webidl-conversions/3.0.1:
    resolution: {integrity: sha1-JFNCdeKnvGvnvIZhHMFq4KVlSHE=}
    dev: false

  /whatwg-url/5.0.0:
    resolution: {integrity: sha1-lmRU6HZUYuN2RNNib2dCzotwll0=}
    dependencies:
      tr46: 0.0.3
      webidl-conversions: 3.0.1
    dev: false

  /ws/8.5.0:
    resolution: {integrity: sha512-BWX0SWVgLPzYwF8lTzEy1egjhS4S4OEAHfsO8o65WOVsrnSRGaSiUaa9e0ggGlkMTtBlmOpEXiie9RUcBO86qg==}
    engines: {node: '>=10.0.0'}
    peerDependencies:
      bufferutil: ^4.0.1
      utf-8-validate: ^5.0.2
    peerDependenciesMeta:
      bufferutil:
        optional: true
      utf-8-validate:
        optional: true
    dev: false
